{
  "name": "contentful-commands",
  "version": "1.0.0",
  "lockfileVersion": 1,
  "requires": true,
  "dependencies": {
    "axios": {
      "version": "0.20.0",
      "resolved": "https://registry.npmjs.org/axios/-/axios-0.20.0.tgz",
      "integrity": "sha512-ANA4rr2BDcmmAQLOKft2fufrtuvlqR+cXNNinUmvfeSNCOF98PZL+7M/v1zIdGo7OLjEA9J2gXJL+j4zGsl0bA==",
      "requires": {
        "follow-redirects": "^1.10.0"
      }
    },
    "contentful": {
      "version": "7.14.8",
      "resolved": "https://registry.npmjs.org/contentful/-/contentful-7.14.8.tgz",
      "integrity": "sha512-q0Y/1rNOxF13W3KLe+WxaT3+oDdxCbKiuHF+l0TlQXcVcFeLUhXXJn72noefsH8aWXMF6/rkDQ+Fl6szIMF5qw==",
      "requires": {
        "axios": "^0.20.0",
        "contentful-resolve-response": "^1.2.2",
        "contentful-sdk-core": "^6.4.5",
        "json-stringify-safe": "^5.0.1",
        "lodash": "^4.17.11"
      }
    },
    "contentful-management": {
      "version": "6.1.2",
      "resolved": "https://registry.npmjs.org/contentful-management/-/contentful-management-6.1.2.tgz",
      "integrity": "sha512-1USZh92hCrYXHl4fgHQ3AYOE155Aum8eBaES0vkpD/PW74vAwJC2tIBzx+uUMXc/DNwJibLEDS63XMBqXnYDpw==",
      "requires": {
        "axios": "^0.19.0",
        "contentful-sdk-core": "^6.4.0",
        "lodash": "^4.17.20",
        "type-fest": "0.16.0"
      },
      "dependencies": {
        "axios": {
          "version": "0.19.2",
          "resolved": "https://registry.npmjs.org/axios/-/axios-0.19.2.tgz",
          "integrity": "sha512-fjgm5MvRHLhx+osE2xoekY70AhARk3a6hkN+3Io1jc00jtquGvxYlKlsFUhmUET0V5te6CcZI7lcv2Ym61mjHA==",
          "requires": {
            "follow-redirects": "1.5.10"
          }
        },
        "follow-redirects": {
          "version": "1.5.10",
          "resolved": "https://registry.npmjs.org/follow-redirects/-/follow-redirects-1.5.10.tgz",
          "integrity": "sha512-0V5l4Cizzvqt5D44aTXbFZz+FtyXV1vrDN6qrelxtfYQKW0KO0W2T/hkE8xvGa/540LkZlkaUjO4ailYTFtHVQ==",
          "requires": {
            "debug": "=3.1.0"
          }
        }
      }
    },
    "contentful-resolve-response": {
      "version": "1.2.2",
      "resolved": "https://registry.npmjs.org/contentful-resolve-response/-/contentful-resolve-response-1.2.2.tgz",
      "integrity": "sha512-KyRz05f2YFJDSFs/L5jtsptbL5Fk3+ukSjRF94zFXq0FOtYoaxyCbqKgHhK2+3hlipxVQ+KGRus/tSaD6PoPMg==",
      "requires": {
        "lodash": "^4.17.15"
      }
    },
    "contentful-sdk-core": {
      "version": "6.4.6",
      "resolved": "https://registry.npmjs.org/contentful-sdk-core/-/contentful-sdk-core-6.4.6.tgz",
      "integrity": "sha512-6KVLeCdn1akqjGvVMUgMxQ3B+zNIYeq3MUlqWsSLLJozr++0ZYWU76XmHf4n5MPTMoX9RGbRSR8hJAaKcUNDFw==",
      "requires": {
        "lodash": "^4.17.10",
        "qs": "^6.5.2"
      }
    },
    "debug": {
      "version": "3.1.0",
      "resolved": "https://registry.npmjs.org/debug/-/debug-3.1.0.tgz",
      "integrity": "sha512-OX8XqP7/1a9cqkxYw2yXss15f26NKWBpDXQd0/uK/KPqdQhxbPa994hnzjcE2VqQpDslf55723cKPUOGSmMY3g==",
      "requires": {
        "ms": "2.0.0"
      }
    },
    "follow-redirects": {
      "version": "1.13.0",
      "resolved": "https://registry.npmjs.org/follow-redirects/-/follow-redirects-1.13.0.tgz",
      "integrity": "sha512-aq6gF1BEKje4a9i9+5jimNFIpq4Q1WiwBToeRK5NvZBd/TRsmW8BsJfOEGkr76TbOyPVD3OVDN910EcUNtRYEA=="
    },
    "json-stringify-safe": {
      "version": "5.0.1",
      "resolved": "https://registry.npmjs.org/json-stringify-safe/-/json-stringify-safe-5.0.1.tgz",
      "integrity": "sha1-Epai1Y/UXxmg9s4B1lcB4sc1tus="
    },
    "lodash": {
      "version": "4.17.20",
      "resolved": "https://registry.npmjs.org/lodash/-/lodash-4.17.20.tgz",
      "integrity": "sha512-PlhdFcillOINfeV7Ni6oF1TAEayyZBoZ8bcshTHqOYJYlrqzRK5hagpagky5o4HfCzzd1TRkXPMFq6cKk9rGmA=="
    },
    "ms": {
      "version": "2.0.0",
      "resolved": "https://registry.npmjs.org/ms/-/ms-2.0.0.tgz",
      "integrity": "sha1-VgiurfwAvmwpAd9fmGF4jeDVl8g="
    },
    "qs": {
      "version": "6.9.4",
      "resolved": "https://registry.npmjs.org/qs/-/qs-6.9.4.tgz",
      "integrity": "sha512-A1kFqHekCTM7cz0udomYUoYNWjBebHm/5wzU/XqrBRBNWectVH0QIiN+NEcZ0Dte5hvzHwbr8+XQmguPhJ6WdQ=="
    },
    "type-fest": {
      "version": "0.16.0",
      "resolved": "https://registry.npmjs.org/type-fest/-/type-fest-0.16.0.tgz",
      "integrity": "sha512-eaBzG6MxNzEn9kiwvtre90cXaNLkmadMWa1zQMs3XORCXNbsH/OewwbxC5ia9dCxIxnTAsSxXJaa/p5y8DlvJg=="
    }
  }
}
